// !$*UTF8*$!
{
	archiveVersion = 1;
	classes = {
	};
	objectVersion = 50;
	objects = {

/* Begin PBXBuildFile section */
		B748080B224638AB00392C00 /* UnitViewControllerTests.swift in Sources */ = {isa = PBXBuildFile; fileRef = B748080A224638AB00392C00 /* UnitViewControllerTests.swift */; };
		B748080F22463AA000392C00 /* UnitViewController.swift in Sources */ = {isa = PBXBuildFile; fileRef = B748080E22463AA000392C00 /* UnitViewController.swift */; };
		B748081122463B0000392C00 /* UITestViewController.swift in Sources */ = {isa = PBXBuildFile; fileRef = B748081022463B0000392C00 /* UITestViewController.swift */; };
		B7480815224644D800392C00 /* UITestViewController.swift in Sources */ = {isa = PBXBuildFile; fileRef = B7480814224644D800392C00 /* UITestViewController.swift */; };
		B764AC832236439300AC079B /* AppDelegate.swift in Sources */ = {isa = PBXBuildFile; fileRef = B764AC822236439300AC079B /* AppDelegate.swift */; };
		B764AC852236439400AC079B /* ViewController.swift in Sources */ = {isa = PBXBuildFile; fileRef = B764AC842236439300AC079B /* ViewController.swift */; };
		B764AC882236439400AC079B /* Main.storyboard in Resources */ = {isa = PBXBuildFile; fileRef = B764AC862236439400AC079B /* Main.storyboard */; };
		B764AC8A2236439500AC079B /* Assets.xcassets in Resources */ = {isa = PBXBuildFile; fileRef = B764AC892236439500AC079B /* Assets.xcassets */; };
		B764AC8D2236439500AC079B /* LaunchScreen.storyboard in Resources */ = {isa = PBXBuildFile; fileRef = B764AC8B2236439500AC079B /* LaunchScreen.storyboard */; };
		B764AC982236439500AC079B /* SortTests.swift in Sources */ = {isa = PBXBuildFile; fileRef = B764AC972236439500AC079B /* SortTests.swift */; };
		B764ACA32236439500AC079B /* SortUITests.swift in Sources */ = {isa = PBXBuildFile; fileRef = B764ACA22236439500AC079B /* SortUITests.swift */; };
/* End PBXBuildFile section */

/* Begin PBXContainerItemProxy section */
		B764AC942236439500AC079B /* PBXContainerItemProxy */ = {
			isa = PBXContainerItemProxy;
			containerPortal = B764AC772236439300AC079B /* Project object */;
			proxyType = 1;
			remoteGlobalIDString = B764AC7E2236439300AC079B;
			remoteInfo = Sort;
		};
		B764AC9F2236439500AC079B /* PBXContainerItemProxy */ = {
			isa = PBXContainerItemProxy;
			containerPortal = B764AC772236439300AC079B /* Project object */;
			proxyType = 1;
			remoteGlobalIDString = B764AC7E2236439300AC079B;
			remoteInfo = Sort;
		};
/* End PBXContainerItemProxy section */

/* Begin PBXFileReference section */
		B748080A224638AB00392C00 /* UnitViewControllerTests.swift */ = {isa = PBXFileReference; lastKnownFileType = sourcecode.swift; path = UnitViewControllerTests.swift; sourceTree = "<group>"; };
		B748080E22463AA000392C00 /* UnitViewController.swift */ = {isa = PBXFileReference; lastKnownFileType = sourcecode.swift; path = UnitViewController.swift; sourceTree = "<group>"; };
		B748081022463B0000392C00 /* UITestViewController.swift */ = {isa = PBXFileReference; lastKnownFileType = sourcecode.swift; path = UITestViewController.swift; sourceTree = "<group>"; };
		B7480814224644D800392C00 /* UITestViewController.swift */ = {isa = PBXFileReference; lastKnownFileType = sourcecode.swift; path = UITestViewController.swift; sourceTree = "<group>"; };
		B764AC7F2236439300AC079B /* Sort.app */ = {isa = PBXFileReference; explicitFileType = wrapper.application; includeInIndex = 0; path = Sort.app; sourceTree = BUILT_PRODUCTS_DIR; };
		B764AC822236439300AC079B /* AppDelegate.swift */ = {isa = PBXFileReference; lastKnownFileType = sourcecode.swift; path = AppDelegate.swift; sourceTree = "<group>"; };
		B764AC842236439300AC079B /* ViewController.swift */ = {isa = PBXFileReference; lastKnownFileType = sourcecode.swift; path = ViewController.swift; sourceTree = "<group>"; };
		B764AC872236439400AC079B /* Base */ = {isa = PBXFileReference; lastKnownFileType = file.storyboard; name = Base; path = Base.lproj/Main.storyboard; sourceTree = "<group>"; };
		B764AC892236439500AC079B /* Assets.xcassets */ = {isa = PBXFileReference; lastKnownFileType = folder.assetcatalog; path = Assets.xcassets; sourceTree = "<group>"; };
		B764AC8C2236439500AC079B /* Base */ = {isa = PBXFileReference; lastKnownFileType = file.storyboard; name = Base; path = Base.lproj/LaunchScreen.storyboard; sourceTree = "<group>"; };
		B764AC8E2236439500AC079B /* Info.plist */ = {isa = PBXFileReference; lastKnownFileType = text.plist.xml; path = Info.plist; sourceTree = "<group>"; };
		B764AC932236439500AC079B /* SortTests.xctest */ = {isa = PBXFileReference; explicitFileType = wrapper.cfbundle; includeInIndex = 0; path = SortTests.xctest; sourceTree = BUILT_PRODUCTS_DIR; };
		B764AC972236439500AC079B /* SortTests.swift */ = {isa = PBXFileReference; lastKnownFileType = sourcecode.swift; path = SortTests.swift; sourceTree = "<group>"; };
		B764AC992236439500AC079B /* Info.plist */ = {isa = PBXFileReference; lastKnownFileType = text.plist.xml; path = Info.plist; sourceTree = "<group>"; };
		B764AC9E2236439500AC079B /* SortUITests.xctest */ = {isa = PBXFileReference; explicitFileType = wrapper.cfbundle; includeInIndex = 0; path = SortUITests.xctest; sourceTree = BUILT_PRODUCTS_DIR; };
		B764ACA22236439500AC079B /* SortUITests.swift */ = {isa = PBXFileReference; lastKnownFileType = sourcecode.swift; path = SortUITests.swift; sourceTree = "<group>"; };
		B764ACA42236439500AC079B /* Info.plist */ = {isa = PBXFileReference; lastKnownFileType = text.plist.xml; path = Info.plist; sourceTree = "<group>"; };
/* End PBXFileReference section */

/* Begin PBXFrameworksBuildPhase section */
		B764AC7C2236439300AC079B /* Frameworks */ = {
			isa = PBXFrameworksBuildPhase;
			buildActionMask = 2147483647;
			files = (
			);
			runOnlyForDeploymentPostprocessing = 0;
		};
		B764AC902236439500AC079B /* Frameworks */ = {
			isa = PBXFrameworksBuildPhase;
			buildActionMask = 2147483647;
			files = (
			);
			runOnlyForDeploymentPostprocessing = 0;
		};
		B764AC9B2236439500AC079B /* Frameworks */ = {
			isa = PBXFrameworksBuildPhase;
			buildActionMask = 2147483647;
			files = (
			);
			runOnlyForDeploymentPostprocessing = 0;
		};
/* End PBXFrameworksBuildPhase section */

/* Begin PBXGroup section */
		B764AC762236439300AC079B = {
			isa = PBXGroup;
			children = (
				B764AC812236439300AC079B /* Sort */,
				B764AC962236439500AC079B /* SortTests */,
				B764ACA12236439500AC079B /* SortUITests */,
				B764AC802236439300AC079B /* Products */,
			);
			sourceTree = "<group>";
		};
		B764AC802236439300AC079B /* Products */ = {
			isa = PBXGroup;
			children = (
				B764AC7F2236439300AC079B /* Sort.app */,
				B764AC932236439500AC079B /* SortTests.xctest */,
				B764AC9E2236439500AC079B /* SortUITests.xctest */,
			);
			name = Products;
			sourceTree = "<group>";
		};
		B764AC812236439300AC079B /* Sort */ = {
			isa = PBXGroup;
			children = (
				B764AC822236439300AC079B /* AppDelegate.swift */,
				B764AC842236439300AC079B /* ViewController.swift */,
				B748080E22463AA000392C00 /* UnitViewController.swift */,
				B748081022463B0000392C00 /* UITestViewController.swift */,
				B764AC862236439400AC079B /* Main.storyboard */,
				B764AC892236439500AC079B /* Assets.xcassets */,
				B764AC8B2236439500AC079B /* LaunchScreen.storyboard */,
				B764AC8E2236439500AC079B /* Info.plist */,
			);
			path = Sort;
			sourceTree = "<group>";
		};
		B764AC962236439500AC079B /* SortTests */ = {
			isa = PBXGroup;
			children = (
				B764AC972236439500AC079B /* SortTests.swift */,
				B748080A224638AB00392C00 /* UnitViewControllerTests.swift */,
				B764AC992236439500AC079B /* Info.plist */,
			);
			path = SortTests;
			sourceTree = "<group>";
		};
		B764ACA12236439500AC079B /* SortUITests */ = {
			isa = PBXGroup;
			children = (
				B764ACA22236439500AC079B /* SortUITests.swift */,
				B7480814224644D800392C00 /* UITestViewController.swift */,
				B764ACA42236439500AC079B /* Info.plist */,
			);
			path = SortUITests;
			sourceTree = "<group>";
		};
/* End PBXGroup section */

/* Begin PBXNativeTarget section */
		B764AC7E2236439300AC079B /* Sort */ = {
			isa = PBXNativeTarget;
			buildConfigurationList = B764ACA72236439500AC079B /* Build configuration list for PBXNativeTarget "Sort" */;
			buildPhases = (
				B764AC7B2236439300AC079B /* Sources */,
				B764AC7C2236439300AC079B /* Frameworks */,
				B764AC7D2236439300AC079B /* Resources */,
			);
			buildRules = (
			);
			dependencies = (
			);
			name = Sort;
			productName = Sort;
			productReference = B764AC7F2236439300AC079B /* Sort.app */;
			productType = "com.apple.product-type.application";
		};
		B764AC922236439500AC079B /* SortTests */ = {
			isa = PBXNativeTarget;
			buildConfigurationList = B764ACAA2236439500AC079B /* Build configuration list for PBXNativeTarget "SortTests" */;
			buildPhases = (
				B764AC8F2236439500AC079B /* Sources */,
				B764AC902236439500AC079B /* Frameworks */,
				B764AC912236439500AC079B /* Resources */,
			);
			buildRules = (
			);
			dependencies = (
				B764AC952236439500AC079B /* PBXTargetDependency */,
			);
			name = SortTests;
			productName = SortTests;
			productReference = B764AC932236439500AC079B /* SortTests.xctest */;
			productType = "com.apple.product-type.bundle.unit-test";
		};
		B764AC9D2236439500AC079B /* SortUITests */ = {
			isa = PBXNativeTarget;
			buildConfigurationList = B764ACAD2236439500AC079B /* Build configuration list for PBXNativeTarget "SortUITests" */;
			buildPhases = (
				B764AC9A2236439500AC079B /* Sources */,
				B764AC9B2236439500AC079B /* Frameworks */,
				B764AC9C2236439500AC079B /* Resources */,
			);
			buildRules = (
			);
			dependencies = (
				B764ACA02236439500AC079B /* PBXTargetDependency */,
			);
			name = SortUITests;
			productName = SortUITests;
			productReference = B764AC9E2236439500AC079B /* SortUITests.xctest */;
			productType = "com.apple.product-type.bundle.ui-testing";
		};
/* End PBXNativeTarget section */

/* Begin PBXProject section */
		B764AC772236439300AC079B /* Project object */ = {
			isa = PBXProject;
			attributes = {
				LastSwiftUpdateCheck = 1010;
				LastUpgradeCheck = 1010;
				ORGANIZATIONNAME = "Y了个J";
				TargetAttributes = {
					B764AC7E2236439300AC079B = {
						CreatedOnToolsVersion = 10.1;
					};
					B764AC922236439500AC079B = {
						CreatedOnToolsVersion = 10.1;
						TestTargetID = B764AC7E2236439300AC079B;
					};
					B764AC9D2236439500AC079B = {
						CreatedOnToolsVersion = 10.1;
						TestTargetID = B764AC7E2236439300AC079B;
					};
				};
			};
			buildConfigurationList = B764AC7A2236439300AC079B /* Build configuration list for PBXProject "Sort" */;
			compatibilityVersion = "Xcode 9.3";
			developmentRegion = en;
			hasScannedForEncodings = 0;
			knownRegions = (
				en,
				Base,
			);
			mainGroup = B764AC762236439300AC079B;
			productRefGroup = B764AC802236439300AC079B /* Products */;
			projectDirPath = "";
			projectRoot = "";
			targets = (
				B764AC7E2236439300AC079B /* Sort */,
				B764AC922236439500AC079B /* SortTests */,
				B764AC9D2236439500AC079B /* SortUITests */,
			);
		};
/* End PBXProject section */

/* Begin PBXResourcesBuildPhase section */
		B764AC7D2236439300AC079B /* Resources */ = {
			isa = PBXResourcesBuildPhase;
			buildActionMask = 2147483647;
			files = (
				B764AC8D2236439500AC079B /* LaunchScreen.storyboard in Resources */,
				B764AC8A2236439500AC079B /* Assets.xcassets in Resources */,
				B764AC882236439400AC079B /* Main.storyboard in Resources */,
			);
			runOnlyForDeploymentPostprocessing = 0;
		};
		B764AC912236439500AC079B /* Resources */ = {
			isa = PBXResourcesBuildPhase;
			buildActionMask = 2147483647;
			files = (
			);
			runOnlyForDeploymentPostprocessing = 0;
		};
		B764AC9C2236439500AC079B /* Resources */ = {
			isa = PBXResourcesBuildPhase;
			buildActionMask = 2147483647;
			files = (
			);
			runOnlyForDeploymentPostprocessing = 0;
		};
/* End PBXResourcesBuildPhase section */

/* Begin PBXSourcesBuildPhase section */
		B764AC7B2236439300AC079B /* Sources */ = {
			isa = PBXSourcesBuildPhase;
			buildActionMask = 2147483647;
			files = (
				B764AC852236439400AC079B /* ViewController.swift in Sources */,
				B764AC832236439300AC079B /* AppDelegate.swift in Sources */,
				B748081122463B0000392C00 /* UITestViewController.swift in Sources */,
				B748080F22463AA000392C00 /* UnitViewController.swift in Sources */,
			);
			runOnlyForDeploymentPostprocessing = 0;
		};
		B764AC8F2236439500AC079B /* Sources */ = {
			isa = PBXSourcesBuildPhase;
			buildActionMask = 2147483647;
			files = (
				B748080B224638AB00392C00 /* UnitViewControllerTests.swift in Sources */,
				B764AC982236439500AC079B /* SortTests.swift in Sources */,
			);
			runOnlyForDeploymentPostprocessing = 0;
		};
		B764AC9A2236439500AC079B /* Sources */ = {
			isa = PBXSourcesBuildPhase;
			buildActionMask = 2147483647;
			files = (
				B7480815224644D800392C00 /* UITestViewController.swift in Sources */,
				B764ACA32236439500AC079B /* SortUITests.swift in Sources */,
			);
			runOnlyForDeploymentPostprocessing = 0;
		};
/* End PBXSourcesBuildPhase section */

/* Begin PBXTargetDependency section */
		B764AC952236439500AC079B /* PBXTargetDependency */ = {
			isa = PBXTargetDependency;
			target = B764AC7E2236439300AC079B /* Sort */;
			targetProxy = B764AC942236439500AC079B /* PBXContainerItemProxy */;
		};
		B764ACA02236439500AC079B /* PBXTargetDependency */ = {
			isa = PBXTargetDependency;
			target = B764AC7E2236439300AC079B /* Sort */;
			targetProxy = B764AC9F2236439500AC079B /* PBXContainerItemProxy */;
		};
/* End PBXTargetDependency section */

/* Begin PBXVariantGroup section */
		B764AC862236439400AC079B /* Main.storyboard */ = {
			isa = PBXVariantGroup;
			children = (
				B764AC872236439400AC079B /* Base */,
			);
			name = Main.storyboard;
			sourceTree = "<group>";
		};
		B764AC8B2236439500AC079B /* LaunchScreen.storyboard */ = {
			isa = PBXVariantGroup;
			children = (
				B764AC8C2236439500AC079B /* Base */,
			);
			name = LaunchScreen.storyboard;
			sourceTree = "<group>";
		};
/* End PBXVariantGroup section */

/* Begin XCBuildConfiguration section */
		B764ACA52236439500AC079B /* Debug */ = {
			isa = XCBuildConfiguration;
			buildSettings = {
				ALWAYS_SEARCH_USER_PATHS = NO;
				CLANG_ANALYZER_NONNULL = YES;
				CLANG_ANALYZER_NUMBER_OBJECT_CONVERSION = YES_AGGRESSIVE;
				CLANG_CXX_LANGUAGE_STANDARD = "gnu++14";
				CLANG_CXX_LIBRARY = "libc++";
				CLANG_ENABLE_MODULES = YES;
				CLANG_ENABLE_OBJC_ARC = YES;
				CLANG_ENABLE_OBJC_WEAK = YES;
				CLANG_WARN_BLOCK_CAPTURE_AUTORELEASING = YES;
				CLANG_WARN_BOOL_CONVERSION = YES;
				CLANG_WARN_COMMA = YES;
				CLANG_WARN_CONSTANT_CONVERSION = YES;
				CLANG_WARN_DEPRECATED_OBJC_IMPLEMENTATIONS = YES;
				CLANG_WARN_DIRECT_OBJC_ISA_USAGE = YES_ERROR;
				CLANG_WARN_DOCUMENTATION_COMMENTS = YES;
				CLANG_WARN_EMPTY_BODY = YES;
				CLANG_WARN_ENUM_CONVERSION = YES;
				CLANG_WARN_INFINITE_RECURSION = YES;
				CLANG_WARN_INT_CONVERSION = YES;
				CLANG_WARN_NON_LITERAL_NULL_CONVERSION = YES;
				CLANG_WARN_OBJC_IMPLICIT_RETAIN_SELF = YES;
				CLANG_WARN_OBJC_LITERAL_CONVERSION = YES;
				CLANG_WARN_OBJC_ROOT_CLASS = YES_ERROR;
				CLANG_WARN_RANGE_LOOP_ANALYSIS = YES;
				CLANG_WARN_STRICT_PROTOTYPES = YES;
				CLANG_WARN_SUSPICIOUS_MOVE = YES;
				CLANG_WARN_UNGUARDED_AVAILABILITY = YES_AGGRESSIVE;
				CLANG_WARN_UNREACHABLE_CODE = YES;
				CLANG_WARN__DUPLICATE_METHOD_MATCH = YES;
				CODE_SIGN_IDENTITY = "iPhone Developer";
				COPY_PHASE_STRIP = NO;
				DEBUG_INFORMATION_FORMAT = dwarf;
				ENABLE_STRICT_OBJC_MSGSEND = YES;
				ENABLE_TESTABILITY = YES;
				GCC_C_LANGUAGE_STANDARD = gnu11;
				GCC_DYNAMIC_NO_PIC = NO;
				GCC_NO_COMMON_BLOCKS = YES;
				GCC_OPTIMIZATION_LEVEL = 0;
				GCC_PREPROCESSOR_DEFINITIONS = (
					"DEBUG=1",
					"$(inherited)",
				);
				GCC_WARN_64_TO_32_BIT_CONVERSION = YES;
				GCC_WARN_ABOUT_RETURN_TYPE = YES_ERROR;
				GCC_WARN_UNDECLARED_SELECTOR = YES;
				GCC_WARN_UNINITIALIZED_AUTOS = YES_AGGRESSIVE;
				GCC_WARN_UNUSED_FUNCTION = YES;
				GCC_WARN_UNUSED_VARIABLE = YES;
				IPHONEOS_DEPLOYMENT_TARGET = 12.1;
				MTL_ENABLE_DEBUG_INFO = INCLUDE_SOURCE;
				MTL_FAST_MATH = YES;
				ONLY_ACTIVE_ARCH = YES;
				SDKROOT = iphoneos;
				SWIFT_ACTIVE_COMPILATION_CONDITIONS = DEBUG;
				SWIFT_OPTIMIZATION_LEVEL = "-Onone";
			};
			name = Debug;
		};
		B764ACA62236439500AC079B /* Release */ = {
			isa = XCBuildConfiguration;
			buildSettings = {
				ALWAYS_SEARCH_USER_PATHS = NO;
				CLANG_ANALYZER_NONNULL = YES;
				CLANG_ANALYZER_NUMBER_OBJECT_CONVERSION = YES_AGGRESSIVE;
				CLANG_CXX_LANGUAGE_STANDARD = "gnu++14";
				CLANG_CXX_LIBRARY = "libc++";
				CLANG_ENABLE_MODULES = YES;
				CLANG_ENABLE_OBJC_ARC = YES;
				CLANG_ENABLE_OBJC_WEAK = YES;
				CLANG_WARN_BLOCK_CAPTURE_AUTORELEASING = YES;
				CLANG_WARN_BOOL_CONVERSION = YES;
				CLANG_WARN_COMMA = YES;
				CLANG_WARN_CONSTANT_CONVERSION = YES;
				CLANG_WARN_DEPRECATED_OBJC_IMPLEMENTATIONS = YES;
				CLANG_WARN_DIRECT_OBJC_ISA_USAGE = YES_ERROR;
				CLANG_WARN_DOCUMENTATION_COMMENTS = YES;
				CLANG_WARN_EMPTY_BODY = YES;
				CLANG_WARN_ENUM_CONVERSION = YES;
				CLANG_WARN_INFINITE_RECURSION = YES;
				CLANG_WARN_INT_CONVERSION = YES;
				CLANG_WARN_NON_LITERAL_NULL_CONVERSION = YES;
				CLANG_WARN_OBJC_IMPLICIT_RETAIN_SELF = YES;
				CLANG_WARN_OBJC_LITERAL_CONVERSION = YES;
				CLANG_WARN_OBJC_ROOT_CLASS = YES_ERROR;
				CLANG_WARN_RANGE_LOOP_ANALYSIS = YES;
				CLANG_WARN_STRICT_PROTOTYPES = YES;
				CLANG_WARN_SUSPICIOUS_MOVE = YES;
				CLANG_WARN_UNGUARDED_AVAILABILITY = YES_AGGRESSIVE;
				CLANG_WARN_UNREACHABLE_CODE = YES;
				CLANG_WARN__DUPLICATE_METHOD_MATCH = YES;
				CODE_SIGN_IDENTITY = "iPhone Developer";
				COPY_PHASE_STRIP = NO;
				DEBUG_INFORMATION_FORMAT = "dwarf-with-dsym";
				ENABLE_NS_ASSERTIONS = NO;
				ENABLE_STRICT_OBJC_MSGSEND = YES;
				GCC_C_LANGUAGE_STANDARD = gnu11;
				GCC_NO_COMMON_BLOCKS = YES;
				GCC_WARN_64_TO_32_BIT_CONVERSION = YES;
				GCC_WARN_ABOUT_RETURN_TYPE = YES_ERROR;
				GCC_WARN_UNDECLARED_SELECTOR = YES;
				GCC_WARN_UNINITIALIZED_AUTOS = YES_AGGRESSIVE;
				GCC_WARN_UNUSED_FUNCTION = YES;
				GCC_WARN_UNUSED_VARIABLE = YES;
				IPHONEOS_DEPLOYMENT_TARGET = 12.1;
				MTL_ENABLE_DEBUG_INFO = NO;
				MTL_FAST_MATH = YES;
				SDKROOT = iphoneos;
				SWIFT_COMPILATION_MODE = wholemodule;
				SWIFT_OPTIMIZATION_LEVEL = "-O";
				VALIDATE_PRODUCT = YES;
			};
			name = Release;
		};
		B764ACA82236439500AC079B /* Debug */ = {
			isa = XCBuildConfiguration;
			buildSettings = {
				ASSETCATALOG_COMPILER_APPICON_NAME = AppIcon;
				CODE_SIGN_STYLE = Automatic;
				INFOPLIST_FILE = Sort/Info.plist;
				IPHONEOS_DEPLOYMENT_TARGET = 8.0;
				LD_RUNPATH_SEARCH_PATHS = (
					"$(inherited)",
					"@executable_path/Frameworks",
				);
				PRODUCT_BUNDLE_IDENTIFIER = com.lyj.demo.Sort;
				PRODUCT_NAME = "$(TARGET_NAME)";
				SWIFT_VERSION = 4.2;
				TARGETED_DEVICE_FAMILY = "1,2";
			};
			name = Debug;
		};
		B764ACA92236439500AC079B /* Release */ = {
			isa = XCBuildConfiguration;
			buildSettings = {
				ASSETCATALOG_COMPILER_APPICON_NAME = AppIcon;
				CODE_SIGN_STYLE = Automatic;
				INFOPLIST_FILE = Sort/Info.plist;
				IPHONEOS_DEPLOYMENT_TARGET = 8.0;
				LD_RUNPATH_SEARCH_PATHS = (
					"$(inherited)",
					"@executable_path/Frameworks",
				);
				PRODUCT_BUNDLE_IDENTIFIER = com.lyj.demo.Sort;
				PRODUCT_NAME = "$(TARGET_NAME)";
				SWIFT_VERSION = 4.2;
				TARGETED_DEVICE_FAMILY = "1,2";
			};
			name = Release;
		};
		B764ACAB2236439500AC079B /* Debug */ = {
			isa = XCBuildConfiguration;
			buildSettings = {
				ALWAYS_EMBED_SWIFT_STANDARD_LIBRARIES = YES;
				BUNDLE_LOADER = "$(TEST_HOST)";
				CODE_SIGN_STYLE = Automatic;
				INFOPLIST_FILE = SortTests/Info.plist;
				LD_RUNPATH_SEARCH_PATHS = (
					"$(inherited)",
					"@executable_path/Frameworks",
					"@loader_path/Frameworks",
				);
				PRODUCT_BUNDLE_IDENTIFIER = com.lyj.demo.SortTests;
				PRODUCT_NAME = "$(TARGET_NAME)";
				SWIFT_VERSION = 4.2;
				TARGETED_DEVICE_FAMILY = "1,2";
				TEST_HOST = "$(BUILT_PRODUCTS_DIR)/Sort.app/Sort";
			};
			name = Debug;
		};
		B764ACAC2236439500AC079B /* Release */ = {
			isa = XCBuildConfiguration;
			buildSettings = {
				ALWAYS_EMBED_SWIFT_STANDARD_LIBRARIES = YES;
				BUNDLE_LOADER = "$(TEST_HOST)";
				CODE_SIGN_STYLE = Automatic;
				INFOPLIST_FILE = SortTests/Info.plist;
				LD_RUNPATH_SEARCH_PATHS = (
					"$(inherited)",
					"@executable_path/Frameworks",
					"@loader_path/Frameworks",
				);
				PRODUCT_BUNDLE_IDENTIFIER = com.lyj.demo.SortTests;
				PRODUCT_NAME = "$(TARGET_NAME)";
				SWIFT_VERSION = 4.2;
				TARGETED_DEVICE_FAMILY = "1,2";
				TEST_HOST = "$(BUILT_PRODUCTS_DIR)/Sort.app/Sort";
			};
			name = Release;
		};
		B764ACAE2236439500AC079B /* Debug */ = {
			isa = XCBuildConfiguration;
			buildSettings = {
				ALWAYS_EMBED_SWIFT_STANDARD_LIBRARIES = YES;
				CODE_SIGN_STYLE = Automatic;
				INFOPLIST_FILE = SortUITests/Info.plist;
				LD_RUNPATH_SEARCH_PATHS = (
					"$(inherited)",
					"@executable_path/Frameworks",
					"@loader_path/Frameworks",
				);
				PRODUCT_BUNDLE_IDENTIFIER = com.lyj.demo.SortUITests;
				PRODUCT_NAME = "$(TARGET_NAME)";
				SWIFT_VERSION = 4.2;
				TARGETED_DEVICE_FAMILY = "1,2";
				TEST_TARGET_NAME = Sort;
			};
			name = Debug;
		};
		B764ACAF2236439500AC079B /* Release */ = {
			isa = XCBuildConfiguration;
			buildSettings = {
				ALWAYS_EMBED_SWIFT_STANDARD_LIBRARIES = YES;
				CODE_SIGN_STYLE = Automatic;
				INFOPLIST_FILE = SortUITests/Info.plist;
				LD_RUNPATH_SEARCH_PATHS = (
					"$(inherited)",
					"@executable_path/Frameworks",
					"@loader_path/Frameworks",
				);
				PRODUCT_BUNDLE_IDENTIFIER = com.lyj.demo.SortUITests;
				PRODUCT_NAME = "$(TARGET_NAME)";
				SWIFT_VERSION = 4.2;
				TARGETED_DEVICE_FAMILY = "1,2";
				TEST_TARGET_NAME = Sort;
			};
			name = Release;
		};
/* End XCBuildConfiguration section */

/* Begin XCConfigurationList section */
		B764AC7A2236439300AC079B /* Build configuration list for PBXProject "Sort" */ = {
			isa = XCConfigurationList;
			buildConfigurations = (
				B764ACA52236439500AC079B /* Debug */,
				B764ACA62236439500AC079B /* Release */,
			);
			defaultConfigurationIsVisible = 0;
			defaultConfigurationName = Release;
		};
		B764ACA72236439500AC079B /* Build configuration list for PBXNativeTarget "Sort" */ = {
			isa = XCConfigurationList;
			buildConfigurations = (
				B764ACA82236439500AC079B /* Debug */,
				B764ACA92236439500AC079B /* Release */,
			);
			defaultConfigurationIsVisible = 0;
			defaultConfigurationName = Release;
		};
		B764ACAA2236439500AC079B /* Build configuration list for PBXNativeTarget "SortTests" */ = {
			isa = XCConfigurationList;
			buildConfigurations = (
				B764ACAB2236439500AC079B /* Debug */,
				B764ACAC2236439500AC079B /* Release */,
			);
			defaultConfigurationIsVisible = 0;
			defaultConfigurationName = Release;
		};
		B764ACAD2236439500AC079B /* Build configuration list for PBXNativeTarget "SortUITests" */ = {
			isa = XCConfigurationList;
			buildConfigurations = (
				B764ACAE2236439500AC079B /* Debug */,
				B764ACAF2236439500AC079B /* Release */,
			);
			defaultConfigurationIsVisible = 0;
			defaultConfigurationName = Release;
		};
/* End XCConfigurationList section */
	};
	rootObject = B764AC772236439300AC079B /* Project object */;
}
